// !$*UTF8*$!
{
	archiveVersion = 1;
	classes = {
	};
	objectVersion = 46;
	objects = {

/* Begin PBXBuildFile section */
		40B63AC9D09FE25908773B81 /* Pods_TryAnimation.framework in Frameworks */ = {isa = PBXBuildFile; fileRef = 297BC08F24E1CDB02C866E2C /* Pods_TryAnimation.framework */; };
		4D75D4FF40DC33B7DD6DCAFE /* Pods_TryAnimationUITests.framework in Frameworks */ = {isa = PBXBuildFile; fileRef = 209F2ABD8D6818585F6BF2EF /* Pods_TryAnimationUITests.framework */; };
		5A40C1001E8CFD1D00776710 /* AppDelegate.swift in Sources */ = {isa = PBXBuildFile; fileRef = 5A40C0FF1E8CFD1D00776710 /* AppDelegate.swift */; };
		5A40C1021E8CFD1D00776710 /* FirstViewController.swift in Sources */ = {isa = PBXBuildFile; fileRef = 5A40C1011E8CFD1D00776710 /* FirstViewController.swift */; };
		5A40C1051E8CFD1D00776710 /* Main.storyboard in Resources */ = {isa = PBXBuildFile; fileRef = 5A40C1031E8CFD1D00776710 /* Main.storyboard */; };
		5A40C1071E8CFD1D00776710 /* Assets.xcassets in Resources */ = {isa = PBXBuildFile; fileRef = 5A40C1061E8CFD1D00776710 /* Assets.xcassets */; };
		5A40C10A1E8CFD1D00776710 /* LaunchScreen.storyboard in Resources */ = {isa = PBXBuildFile; fileRef = 5A40C1081E8CFD1D00776710 /* LaunchScreen.storyboard */; };
		5A40C1151E8CFD1D00776710 /* TryAnimationTests.swift in Sources */ = {isa = PBXBuildFile; fileRef = 5A40C1141E8CFD1D00776710 /* TryAnimationTests.swift */; };
		5A40C1201E8CFD1D00776710 /* TryAnimationUITests.swift in Sources */ = {isa = PBXBuildFile; fileRef = 5A40C11F1E8CFD1D00776710 /* TryAnimationUITests.swift */; };
		5A40C12E1E8CFDB000776710 /* FirstViewController.strings in Resources */ = {isa = PBXBuildFile; fileRef = 5A40C12D1E8CFDB000776710 /* FirstViewController.strings */; };
		5A40C1301E8CFDC000776710 /* String+Localized.swift in Sources */ = {isa = PBXBuildFile; fileRef = 5A40C12F1E8CFDC000776710 /* String+Localized.swift */; };
		5A40C1341E8D07B100776710 /* SecondViewController.swift in Sources */ = {isa = PBXBuildFile; fileRef = 5A40C1331E8D07B100776710 /* SecondViewController.swift */; };
		5A40C1361E8D095400776710 /* HalfWaySpringAnimator.swift in Sources */ = {isa = PBXBuildFile; fileRef = 5A40C1351E8D095400776710 /* HalfWaySpringAnimator.swift */; };
		5A40C1381E8E00F500776710 /* ViewController.swift in Sources */ = {isa = PBXBuildFile; fileRef = 5A40C1371E8E00F500776710 /* ViewController.swift */; };
		5A40C13A1E8E25AD00776710 /* SecondViewController.strings in Resources */ = {isa = PBXBuildFile; fileRef = 5A40C1391E8E25AD00776710 /* SecondViewController.strings */; };
		5A40C13C1E8E2B1500776710 /* AnimatePlaceHolderTextField.swift in Sources */ = {isa = PBXBuildFile; fileRef = 5A40C13B1E8E2B1500776710 /* AnimatePlaceHolderTextField.swift */; };
		762FF23A1FB62B094D74FF74 /* Pods_TryAnimationTests.framework in Frameworks */ = {isa = PBXBuildFile; fileRef = 7F56868AB448CE4D9CB43D86 /* Pods_TryAnimationTests.framework */; };
/* End PBXBuildFile section */

/* Begin PBXContainerItemProxy section */
		5A40C1111E8CFD1D00776710 /* PBXContainerItemProxy */ = {
			isa = PBXContainerItemProxy;
			containerPortal = 5A40C0F41E8CFD1D00776710 /* Project object */;
			proxyType = 1;
			remoteGlobalIDString = 5A40C0FB1E8CFD1D00776710;
			remoteInfo = TryAnimation;
		};
		5A40C11C1E8CFD1D00776710 /* PBXContainerItemProxy */ = {
			isa = PBXContainerItemProxy;
			containerPortal = 5A40C0F41E8CFD1D00776710 /* Project object */;
			proxyType = 1;
			remoteGlobalIDString = 5A40C0FB1E8CFD1D00776710;
			remoteInfo = TryAnimation;
		};
/* End PBXContainerItemProxy section */

/* Begin PBXFileReference section */
		02BA795AB959F6921974857A /* Pods-TryAnimation.release.xcconfig */ = {isa = PBXFileReference; includeInIndex = 1; lastKnownFileType = text.xcconfig; name = "Pods-TryAnimation.release.xcconfig"; path = "Pods/Target Support Files/Pods-TryAnimation/Pods-TryAnimation.release.xcconfig"; sourceTree = "<group>"; };
		1A54EAFE31121216963598B2 /* Pods-TryAnimationTests.debug.xcconfig */ = {isa = PBXFileReference; includeInIndex = 1; lastKnownFileType = text.xcconfig; name = "Pods-TryAnimationTests.debug.xcconfig"; path = "Pods/Target Support Files/Pods-TryAnimationTests/Pods-TryAnimationTests.debug.xcconfig"; sourceTree = "<group>"; };
		1FF85A6566FB8CC33DACFD94 /* Pods-TryAnimationTests.release.xcconfig */ = {isa = PBXFileReference; includeInIndex = 1; lastKnownFileType = text.xcconfig; name = "Pods-TryAnimationTests.release.xcconfig"; path = "Pods/Target Support Files/Pods-TryAnimationTests/Pods-TryAnimationTests.release.xcconfig"; sourceTree = "<group>"; };
		209F2ABD8D6818585F6BF2EF /* Pods_TryAnimationUITests.framework */ = {isa = PBXFileReference; explicitFileType = wrapper.framework; includeInIndex = 0; path = Pods_TryAnimationUITests.framework; sourceTree = BUILT_PRODUCTS_DIR; };
		297BC08F24E1CDB02C866E2C /* Pods_TryAnimation.framework */ = {isa = PBXFileReference; explicitFileType = wrapper.framework; includeInIndex = 0; path = Pods_TryAnimation.framework; sourceTree = BUILT_PRODUCTS_DIR; };
		5A40C0FC1E8CFD1D00776710 /* TryAnimation.app */ = {isa = PBXFileReference; explicitFileType = wrapper.application; includeInIndex = 0; path = TryAnimation.app; sourceTree = BUILT_PRODUCTS_DIR; };
		5A40C0FF1E8CFD1D00776710 /* AppDelegate.swift */ = {isa = PBXFileReference; lastKnownFileType = sourcecode.swift; path = AppDelegate.swift; sourceTree = "<group>"; };
		5A40C1011E8CFD1D00776710 /* FirstViewController.swift */ = {isa = PBXFileReference; lastKnownFileType = sourcecode.swift; path = FirstViewController.swift; sourceTree = "<group>"; };
		5A40C1041E8CFD1D00776710 /* Base */ = {isa = PBXFileReference; lastKnownFileType = file.storyboard; name = Base; path = Base.lproj/Main.storyboard; sourceTree = "<group>"; };
		5A40C1061E8CFD1D00776710 /* Assets.xcassets */ = {isa = PBXFileReference; lastKnownFileType = folder.assetcatalog; path = Assets.xcassets; sourceTree = "<group>"; };
		5A40C1091E8CFD1D00776710 /* Base */ = {isa = PBXFileReference; lastKnownFileType = file.storyboard; name = Base; path = Base.lproj/LaunchScreen.storyboard; sourceTree = "<group>"; };
		5A40C10B1E8CFD1D00776710 /* Info.plist */ = {isa = PBXFileReference; lastKnownFileType = text.plist.xml; path = Info.plist; sourceTree = "<group>"; };
		5A40C1101E8CFD1D00776710 /* TryAnimationTests.xctest */ = {isa = PBXFileReference; explicitFileType = wrapper.cfbundle; includeInIndex = 0; path = TryAnimationTests.xctest; sourceTree = BUILT_PRODUCTS_DIR; };
		5A40C1141E8CFD1D00776710 /* TryAnimationTests.swift */ = {isa = PBXFileReference; lastKnownFileType = sourcecode.swift; path = TryAnimationTests.swift; sourceTree = "<group>"; };
		5A40C1161E8CFD1D00776710 /* Info.plist */ = {isa = PBXFileReference; lastKnownFileType = text.plist.xml; path = Info.plist; sourceTree = "<group>"; };
		5A40C11B1E8CFD1D00776710 /* TryAnimationUITests.xctest */ = {isa = PBXFileReference; explicitFileType = wrapper.cfbundle; includeInIndex = 0; path = TryAnimationUITests.xctest; sourceTree = BUILT_PRODUCTS_DIR; };
		5A40C11F1E8CFD1D00776710 /* TryAnimationUITests.swift */ = {isa = PBXFileReference; lastKnownFileType = sourcecode.swift; path = TryAnimationUITests.swift; sourceTree = "<group>"; };
		5A40C1211E8CFD1D00776710 /* Info.plist */ = {isa = PBXFileReference; lastKnownFileType = text.plist.xml; path = Info.plist; sourceTree = "<group>"; };
		5A40C12D1E8CFDB000776710 /* FirstViewController.strings */ = {isa = PBXFileReference; fileEncoding = 4; lastKnownFileType = text.plist.strings; path = FirstViewController.strings; sourceTree = "<group>"; };
		5A40C12F1E8CFDC000776710 /* String+Localized.swift */ = {isa = PBXFileReference; fileEncoding = 4; lastKnownFileType = sourcecode.swift; path = "String+Localized.swift"; sourceTree = "<group>"; };
		5A40C1331E8D07B100776710 /* SecondViewController.swift */ = {isa = PBXFileReference; fileEncoding = 4; lastKnownFileType = sourcecode.swift; path = SecondViewController.swift; sourceTree = "<group>"; };
		5A40C1351E8D095400776710 /* HalfWaySpringAnimator.swift */ = {isa = PBXFileReference; fileEncoding = 4; lastKnownFileType = sourcecode.swift; path = HalfWaySpringAnimator.swift; sourceTree = "<group>"; };
		5A40C1371E8E00F500776710 /* ViewController.swift */ = {isa = PBXFileReference; fileEncoding = 4; lastKnownFileType = sourcecode.swift; path = ViewController.swift; sourceTree = "<group>"; };
		5A40C1391E8E25AD00776710 /* SecondViewController.strings */ = {isa = PBXFileReference; fileEncoding = 4; lastKnownFileType = text.plist.strings; path = SecondViewController.strings; sourceTree = "<group>"; };
		5A40C13B1E8E2B1500776710 /* AnimatePlaceHolderTextField.swift */ = {isa = PBXFileReference; fileEncoding = 4; lastKnownFileType = sourcecode.swift; path = AnimatePlaceHolderTextField.swift; sourceTree = "<group>"; };
		7F56868AB448CE4D9CB43D86 /* Pods_TryAnimationTests.framework */ = {isa = PBXFileReference; explicitFileType = wrapper.framework; includeInIndex = 0; path = Pods_TryAnimationTests.framework; sourceTree = BUILT_PRODUCTS_DIR; };
		B3F32261AD81398421C0FE73 /* Pods-TryAnimationUITests.debug.xcconfig */ = {isa = PBXFileReference; includeInIndex = 1; lastKnownFileType = text.xcconfig; name = "Pods-TryAnimationUITests.debug.xcconfig"; path = "Pods/Target Support Files/Pods-TryAnimationUITests/Pods-TryAnimationUITests.debug.xcconfig"; sourceTree = "<group>"; };
		C842BDC47CE5717C9AC3E342 /* Pods-TryAnimationUITests.release.xcconfig */ = {isa = PBXFileReference; includeInIndex = 1; lastKnownFileType = text.xcconfig; name = "Pods-TryAnimationUITests.release.xcconfig"; path = "Pods/Target Support Files/Pods-TryAnimationUITests/Pods-TryAnimationUITests.release.xcconfig"; sourceTree = "<group>"; };
		E05299DACC1250563D2D2757 /* Pods-TryAnimation.debug.xcconfig */ = {isa = PBXFileReference; includeInIndex = 1; lastKnownFileType = text.xcconfig; name = "Pods-TryAnimation.debug.xcconfig"; path = "Pods/Target Support Files/Pods-TryAnimation/Pods-TryAnimation.debug.xcconfig"; sourceTree = "<group>"; };
/* End PBXFileReference section */

/* Begin PBXFrameworksBuildPhase section */
		5A40C0F91E8CFD1D00776710 /* Frameworks */ = {
			isa = PBXFrameworksBuildPhase;
			buildActionMask = 2147483647;
			files = (
				40B63AC9D09FE25908773B81 /* Pods_TryAnimation.framework in Frameworks */,
			);
			runOnlyForDeploymentPostprocessing = 0;
		};
		5A40C10D1E8CFD1D00776710 /* Frameworks */ = {
			isa = PBXFrameworksBuildPhase;
			buildActionMask = 2147483647;
			files = (
				762FF23A1FB62B094D74FF74 /* Pods_TryAnimationTests.framework in Frameworks */,
			);
			runOnlyForDeploymentPostprocessing = 0;
		};
		5A40C1181E8CFD1D00776710 /* Frameworks */ = {
			isa = PBXFrameworksBuildPhase;
			buildActionMask = 2147483647;
			files = (
				4D75D4FF40DC33B7DD6DCAFE /* Pods_TryAnimationUITests.framework in Frameworks */,
			);
			runOnlyForDeploymentPostprocessing = 0;
		};
/* End PBXFrameworksBuildPhase section */

/* Begin PBXGroup section */
		158E94DF9A7713299D468589 /* Frameworks */ = {
			isa = PBXGroup;
			children = (
				297BC08F24E1CDB02C866E2C /* Pods_TryAnimation.framework */,
				7F56868AB448CE4D9CB43D86 /* Pods_TryAnimationTests.framework */,
				209F2ABD8D6818585F6BF2EF /* Pods_TryAnimationUITests.framework */,
			);
			name = Frameworks;
			sourceTree = "<group>";
		};
		5A40C0F31E8CFD1D00776710 = {
			isa = PBXGroup;
			children = (
				5A40C0FE1E8CFD1D00776710 /* TryAnimation */,
				5A40C1131E8CFD1D00776710 /* TryAnimationTests */,
				5A40C11E1E8CFD1D00776710 /* TryAnimationUITests */,
				5A40C0FD1E8CFD1D00776710 /* Products */,
				8E341736AA7D3F03710869AC /* Pods */,
				158E94DF9A7713299D468589 /* Frameworks */,
			);
			sourceTree = "<group>";
		};
		5A40C0FD1E8CFD1D00776710 /* Products */ = {
			isa = PBXGroup;
			children = (
				5A40C0FC1E8CFD1D00776710 /* TryAnimation.app */,
				5A40C1101E8CFD1D00776710 /* TryAnimationTests.xctest */,
				5A40C11B1E8CFD1D00776710 /* TryAnimationUITests.xctest */,
			);
			name = Products;
			sourceTree = "<group>";
		};
		5A40C0FE1E8CFD1D00776710 /* TryAnimation */ = {
			isa = PBXGroup;
			children = (
				5A40C0FF1E8CFD1D00776710 /* AppDelegate.swift */,
				5A40C1011E8CFD1D00776710 /* FirstViewController.swift */,
				5A40C1331E8D07B100776710 /* SecondViewController.swift */,
				5A40C1351E8D095400776710 /* HalfWaySpringAnimator.swift */,
				5A40C1031E8CFD1D00776710 /* Main.storyboard */,
				5A40C1061E8CFD1D00776710 /* Assets.xcassets */,
				5A40C1081E8CFD1D00776710 /* LaunchScreen.storyboard */,
				5A40C10B1E8CFD1D00776710 /* Info.plist */,
				5A40C12D1E8CFDB000776710 /* FirstViewController.strings */,
				5A40C1391E8E25AD00776710 /* SecondViewController.strings */,
				5A40C12F1E8CFDC000776710 /* String+Localized.swift */,
				5A40C1371E8E00F500776710 /* ViewController.swift */,
				5A40C13B1E8E2B1500776710 /* AnimatePlaceHolderTextField.swift */,
			);
			path = TryAnimation;
			sourceTree = "<group>";
		};
		5A40C1131E8CFD1D00776710 /* TryAnimationTests */ = {
			isa = PBXGroup;
			children = (
				5A40C1141E8CFD1D00776710 /* TryAnimationTests.swift */,
				5A40C1161E8CFD1D00776710 /* Info.plist */,
			);
			path = TryAnimationTests;
			sourceTree = "<group>";
		};
		5A40C11E1E8CFD1D00776710 /* TryAnimationUITests */ = {
			isa = PBXGroup;
			children = (
				5A40C11F1E8CFD1D00776710 /* TryAnimationUITests.swift */,
				5A40C1211E8CFD1D00776710 /* Info.plist */,
			);
			path = TryAnimationUITests;
			sourceTree = "<group>";
		};
		8E341736AA7D3F03710869AC /* Pods */ = {
			isa = PBXGroup;
			children = (
				E05299DACC1250563D2D2757 /* Pods-TryAnimation.debug.xcconfig */,
				02BA795AB959F6921974857A /* Pods-TryAnimation.release.xcconfig */,
				1A54EAFE31121216963598B2 /* Pods-TryAnimationTests.debug.xcconfig */,
				1FF85A6566FB8CC33DACFD94 /* Pods-TryAnimationTests.release.xcconfig */,
				B3F32261AD81398421C0FE73 /* Pods-TryAnimationUITests.debug.xcconfig */,
				C842BDC47CE5717C9AC3E342 /* Pods-TryAnimationUITests.release.xcconfig */,
			);
			name = Pods;
			sourceTree = "<group>";
		};
/* End PBXGroup section */

/* Begin PBXNativeTarget section */
		5A40C0FB1E8CFD1D00776710 /* TryAnimation */ = {
			isa = PBXNativeTarget;
			buildConfigurationList = 5A40C1241E8CFD1D00776710 /* Build configuration list for PBXNativeTarget "TryAnimation" */;
			buildPhases = (
				C442086BD68EAE242C7C5014 /* [CP] Check Pods Manifest.lock */,
				5A40C0F81E8CFD1D00776710 /* Sources */,
				5A40C0F91E8CFD1D00776710 /* Frameworks */,
				5A40C0FA1E8CFD1D00776710 /* Resources */,
				D51BF4626A08380BE5FBFB30 /* [CP] Embed Pods Frameworks */,
				21BDBEDB588AE6345048F709 /* [CP] Copy Pods Resources */,
			);
			buildRules = (
			);
			dependencies = (
			);
			name = TryAnimation;
			productName = TryAnimation;
			productReference = 5A40C0FC1E8CFD1D00776710 /* TryAnimation.app */;
			productType = "com.apple.product-type.application";
		};
		5A40C10F1E8CFD1D00776710 /* TryAnimationTests */ = {
			isa = PBXNativeTarget;
			buildConfigurationList = 5A40C1271E8CFD1D00776710 /* Build configuration list for PBXNativeTarget "TryAnimationTests" */;
			buildPhases = (
				DD19B1A9F08D32C5EE15AF1E /* [CP] Check Pods Manifest.lock */,
				5A40C10C1E8CFD1D00776710 /* Sources */,
				5A40C10D1E8CFD1D00776710 /* Frameworks */,
				5A40C10E1E8CFD1D00776710 /* Resources */,
				11CFF03100E1945218B9E138 /* [CP] Embed Pods Frameworks */,
				251488ACCE923F8CC2E7C352 /* [CP] Copy Pods Resources */,
			);
			buildRules = (
			);
			dependencies = (
				5A40C1121E8CFD1D00776710 /* PBXTargetDependency */,
			);
			name = TryAnimationTests;
			productName = TryAnimationTests;
			productReference = 5A40C1101E8CFD1D00776710 /* TryAnimationTests.xctest */;
			productType = "com.apple.product-type.bundle.unit-test";
		};
		5A40C11A1E8CFD1D00776710 /* TryAnimationUITests */ = {
			isa = PBXNativeTarget;
			buildConfigurationList = 5A40C12A1E8CFD1D00776710 /* Build configuration list for PBXNativeTarget "TryAnimationUITests" */;
			buildPhases = (
				EEB9052F9C78CDCC81CF4786 /* [CP] Check Pods Manifest.lock */,
				5A40C1171E8CFD1D00776710 /* Sources */,
				5A40C1181E8CFD1D00776710 /* Frameworks */,
				5A40C1191E8CFD1D00776710 /* Resources */,
				B76A9E6D4962702A001E0B2E /* [CP] Embed Pods Frameworks */,
				ADBC7C5F46D170DC4B89AA0B /* [CP] Copy Pods Resources */,
			);
			buildRules = (
			);
			dependencies = (
				5A40C11D1E8CFD1D00776710 /* PBXTargetDependency */,
			);
			name = TryAnimationUITests;
			productName = TryAnimationUITests;
			productReference = 5A40C11B1E8CFD1D00776710 /* TryAnimationUITests.xctest */;
			productType = "com.apple.product-type.bundle.ui-testing";
		};
/* End PBXNativeTarget section */

/* Begin PBXProject section */
		5A40C0F41E8CFD1D00776710 /* Project object */ = {
			isa = PBXProject;
			attributes = {
				LastSwiftUpdateCheck = 0820;
				LastUpgradeCheck = 0820;
				ORGANIZATIONNAME = "劉韋呈";
				TargetAttributes = {
					5A40C0FB1E8CFD1D00776710 = {
						CreatedOnToolsVersion = 8.2.1;
						DevelopmentTeam = GGJY5669M6;
						ProvisioningStyle = Automatic;
					};
					5A40C10F1E8CFD1D00776710 = {
						CreatedOnToolsVersion = 8.2.1;
						DevelopmentTeam = ZK3NJ8793V;
						ProvisioningStyle = Automatic;
						TestTargetID = 5A40C0FB1E8CFD1D00776710;
					};
					5A40C11A1E8CFD1D00776710 = {
						CreatedOnToolsVersion = 8.2.1;
						DevelopmentTeam = ZK3NJ8793V;
						ProvisioningStyle = Automatic;
						TestTargetID = 5A40C0FB1E8CFD1D00776710;
					};
				};
			};
			buildConfigurationList = 5A40C0F71E8CFD1D00776710 /* Build configuration list for PBXProject "TryAnimation" */;
			compatibilityVersion = "Xcode 3.2";
			developmentRegion = English;
			hasScannedForEncodings = 0;
			knownRegions = (
				en,
				Base,
			);
			mainGroup = 5A40C0F31E8CFD1D00776710;
			productRefGroup = 5A40C0FD1E8CFD1D00776710 /* Products */;
			projectDirPath = "";
			projectRoot = "";
			targets = (
				5A40C0FB1E8CFD1D00776710 /* TryAnimation */,
				5A40C10F1E8CFD1D00776710 /* TryAnimationTests */,
				5A40C11A1E8CFD1D00776710 /* TryAnimationUITests */,
			);
		};
/* End PBXProject section */

/* Begin PBXResourcesBuildPhase section */
		5A40C0FA1E8CFD1D00776710 /* Resources */ = {
			isa = PBXResourcesBuildPhase;
			buildActionMask = 2147483647;
			files = (
				5A40C10A1E8CFD1D00776710 /* LaunchScreen.storyboard in Resources */,
				5A40C1071E8CFD1D00776710 /* Assets.xcassets in Resources */,
				5A40C12E1E8CFDB000776710 /* FirstViewController.strings in Resources */,
				5A40C1051E8CFD1D00776710 /* Main.storyboard in Resources */,
				5A40C13A1E8E25AD00776710 /* SecondViewController.strings in Resources */,
			);
			runOnlyForDeploymentPostprocessing = 0;
		};
		5A40C10E1E8CFD1D00776710 /* Resources */ = {
			isa = PBXResourcesBuildPhase;
			buildActionMask = 2147483647;
			files = (
			);
			runOnlyForDeploymentPostprocessing = 0;
		};
		5A40C1191E8CFD1D00776710 /* Resources */ = {
			isa = PBXResourcesBuildPhase;
			buildActionMask = 2147483647;
			files = (
			);
			runOnlyForDeploymentPostprocessing = 0;
		};
/* End PBXResourcesBuildPhase section */

/* Begin PBXShellScriptBuildPhase section */
		11CFF03100E1945218B9E138 /* [CP] Embed Pods Frameworks */ = {
			isa = PBXShellScriptBuildPhase;
			buildActionMask = 2147483647;
			files = (
			);
			inputPaths = (
			);
			name = "[CP] Embed Pods Frameworks";
			outputPaths = (
			);
			runOnlyForDeploymentPostprocessing = 0;
			shellPath = /bin/sh;
			shellScript = "\"${SRCROOT}/Pods/Target Support Files/Pods-TryAnimationTests/Pods-TryAnimationTests-frameworks.sh\"\n";
			showEnvVarsInLog = 0;
		};
		21BDBEDB588AE6345048F709 /* [CP] Copy Pods Resources */ = {
			isa = PBXShellScriptBuildPhase;
			buildActionMask = 2147483647;
			files = (
			);
			inputPaths = (
			);
			name = "[CP] Copy Pods Resources";
			outputPaths = (
			);
			runOnlyForDeploymentPostprocessing = 0;
			shellPath = /bin/sh;
			shellScript = "\"${SRCROOT}/Pods/Target Support Files/Pods-TryAnimation/Pods-TryAnimation-resources.sh\"\n";
			showEnvVarsInLog = 0;
		};
		251488ACCE923F8CC2E7C352 /* [CP] Copy Pods Resources */ = {
			isa = PBXShellScriptBuildPhase;
			buildActionMask = 2147483647;
			files = (
			);
			inputPaths = (
			);
			name = "[CP] Copy Pods Resources";
			outputPaths = (
			);
			runOnlyForDeploymentPostprocessing = 0;
			shellPath = /bin/sh;
			shellScript = "\"${SRCROOT}/Pods/Target Support Files/Pods-TryAnimationTests/Pods-TryAnimationTests-resources.sh\"\n";
			showEnvVarsInLog = 0;
		};
		ADBC7C5F46D170DC4B89AA0B /* [CP] Copy Pods Resources */ = {
			isa = PBXShellScriptBuildPhase;
			buildActionMask = 2147483647;
			files = (
			);
			inputPaths = (
			);
			name = "[CP] Copy Pods Resources";
			outputPaths = (
			);
			runOnlyForDeploymentPostprocessing = 0;
			shellPath = /bin/sh;
			shellScript = "\"${SRCROOT}/Pods/Target Support Files/Pods-TryAnimationUITests/Pods-TryAnimationUITests-resources.sh\"\n";
			showEnvVarsInLog = 0;
		};
		B76A9E6D4962702A001E0B2E /* [CP] Embed Pods Frameworks */ = {
			isa = PBXShellScriptBuildPhase;
			buildActionMask = 2147483647;
			files = (
			);
			inputPaths = (
			);
			name = "[CP] Embed Pods Frameworks";
			outputPaths = (
			);
			runOnlyForDeploymentPostprocessing = 0;
			shellPath = /bin/sh;
			shellScript = "\"${SRCROOT}/Pods/Target Support Files/Pods-TryAnimationUITests/Pods-TryAnimationUITests-frameworks.sh\"\n";
			showEnvVarsInLog = 0;
		};
		C442086BD68EAE242C7C5014 /* [CP] Check Pods Manifest.lock */ = {
			isa = PBXShellScriptBuildPhase;
			buildActionMask = 2147483647;
			files = (
			);
			inputPaths = (
			);
			name = "[CP] Check Pods Manifest.lock";
			outputPaths = (
			);
			runOnlyForDeploymentPostprocessing = 0;
			shellPath = /bin/sh;
			shellScript = "diff \"${PODS_ROOT}/../Podfile.lock\" \"${PODS_ROOT}/Manifest.lock\" > /dev/null\nif [ $? != 0 ] ; then\n    # print error to STDERR\n    echo \"error: The sandbox is not in sync with the Podfile.lock. Run 'pod install' or update your CocoaPods installation.\" >&2\n    exit 1\nfi\n";
			showEnvVarsInLog = 0;
		};
		D51BF4626A08380BE5FBFB30 /* [CP] Embed Pods Frameworks */ = {
			isa = PBXShellScriptBuildPhase;
			buildActionMask = 2147483647;
			files = (
			);
			inputPaths = (
			);
			name = "[CP] Embed Pods Frameworks";
			outputPaths = (
			);
			runOnlyForDeploymentPostprocessing = 0;
			shellPath = /bin/sh;
			shellScript = "\"${SRCROOT}/Pods/Target Support Files/Pods-TryAnimation/Pods-TryAnimation-frameworks.sh\"\n";
			showEnvVarsInLog = 0;
		};
		DD19B1A9F08D32C5EE15AF1E /* [CP] Check Pods Manifest.lock */ = {
			isa = PBXShellScriptBuildPhase;
			buildActionMask = 2147483647;
			files = (
			);
			inputPaths = (
			);
			name = "[CP] Check Pods Manifest.lock";
			outputPaths = (
			);
			runOnlyForDeploymentPostprocessing = 0;
			shellPath = /bin/sh;
			shellScript = "diff \"${PODS_ROOT}/../Podfile.lock\" \"${PODS_ROOT}/Manifest.lock\" > /dev/null\nif [ $? != 0 ] ; then\n    # print error to STDERR\n    echo \"error: The sandbox is not in sync with the Podfile.lock. Run 'pod install' or update your CocoaPods installation.\" >&2\n    exit 1\nfi\n";
			showEnvVarsInLog = 0;
		};
		EEB9052F9C78CDCC81CF4786 /* [CP] Check Pods Manifest.lock */ = {
			isa = PBXShellScriptBuildPhase;
			buildActionMask = 2147483647;
			files = (
			);
			inputPaths = (
			);
			name = "[CP] Check Pods Manifest.lock";
			outputPaths = (
			);
			runOnlyForDeploymentPostprocessing = 0;
			shellPath = /bin/sh;
			shellScript = "diff \"${PODS_ROOT}/../Podfile.lock\" \"${PODS_ROOT}/Manifest.lock\" > /dev/null\nif [ $? != 0 ] ; then\n    # print error to STDERR\n    echo \"error: The sandbox is not in sync with the Podfile.lock. Run 'pod install' or update your CocoaPods installation.\" >&2\n    exit 1\nfi\n";
			showEnvVarsInLog = 0;
		};
/* End PBXShellScriptBuildPhase section */

/* Begin PBXSourcesBuildPhase section */
		5A40C0F81E8CFD1D00776710 /* Sources */ = {
			isa = PBXSourcesBuildPhase;
			buildActionMask = 2147483647;
			files = (
				5A40C1381E8E00F500776710 /* ViewController.swift in Sources */,
				5A40C1361E8D095400776710 /* HalfWaySpringAnimator.swift in Sources */,
				5A40C1341E8D07B100776710 /* SecondViewController.swift in Sources */,
				5A40C1301E8CFDC000776710 /* String+Localized.swift in Sources */,
				5A40C1021E8CFD1D00776710 /* FirstViewController.swift in Sources */,
				5A40C13C1E8E2B1500776710 /* AnimatePlaceHolderTextField.swift in Sources */,
				5A40C1001E8CFD1D00776710 /* AppDelegate.swift in Sources */,
			);
			runOnlyForDeploymentPostprocessing = 0;
		};
		5A40C10C1E8CFD1D00776710 /* Sources */ = {
			isa = PBXSourcesBuildPhase;
			buildActionMask = 2147483647;
			files = (
				5A40C1151E8CFD1D00776710 /* TryAnimationTests.swift in Sources */,
			);
			runOnlyForDeploymentPostprocessing = 0;
		};
		5A40C1171E8CFD1D00776710 /* Sources */ = {
			isa = PBXSourcesBuildPhase;
			buildActionMask = 2147483647;
			files = (
				5A40C1201E8CFD1D00776710 /* TryAnimationUITests.swift in Sources */,
			);
			runOnlyForDeploymentPostprocessing = 0;
		};
/* End PBXSourcesBuildPhase section */

/* Begin PBXTargetDependency section */
		5A40C1121E8CFD1D00776710 /* PBXTargetDependency */ = {
			isa = PBXTargetDependency;
			target = 5A40C0FB1E8CFD1D00776710 /* TryAnimation */;
			targetProxy = 5A40C1111E8CFD1D00776710 /* PBXContainerItemProxy */;
		};
		5A40C11D1E8CFD1D00776710 /* PBXTargetDependency */ = {
			isa = PBXTargetDependency;
			target = 5A40C0FB1E8CFD1D00776710 /* TryAnimation */;
			targetProxy = 5A40C11C1E8CFD1D00776710 /* PBXContainerItemProxy */;
		};
/* End PBXTargetDependency section */

/* Begin PBXVariantGroup section */
		5A40C1031E8CFD1D00776710 /* Main.storyboard */ = {
			isa = PBXVariantGroup;
			children = (
				5A40C1041E8CFD1D00776710 /* Base */,
			);
			name = Main.storyboard;
			sourceTree = "<group>";
		};
		5A40C1081E8CFD1D00776710 /* LaunchScreen.storyboard */ = {
			isa = PBXVariantGroup;
			children = (
				5A40C1091E8CFD1D00776710 /* Base */,
			);
			name = LaunchScreen.storyboard;
			sourceTree = "<group>";
		};
/* End PBXVariantGroup section */

/* Begin XCBuildConfiguration section */
		5A40C1221E8CFD1D00776710 /* Debug */ = {
			isa = XCBuildConfiguration;
			buildSettings = {
				ALWAYS_SEARCH_USER_PATHS = NO;
				CLANG_ANALYZER_NONNULL = YES;
				CLANG_CXX_LANGUAGE_STANDARD = "gnu++0x";
				CLANG_CXX_LIBRARY = "libc++";
				CLANG_ENABLE_MODULES = YES;
				CLANG_ENABLE_OBJC_ARC = YES;
				CLANG_WARN_BOOL_CONVERSION = YES;
				CLANG_WARN_CONSTANT_CONVERSION = YES;
				CLANG_WARN_DIRECT_OBJC_ISA_USAGE = YES_ERROR;
				CLANG_WARN_DOCUMENTATION_COMMENTS = YES;
				CLANG_WARN_EMPTY_BODY = YES;
				CLANG_WARN_ENUM_CONVERSION = YES;
				CLANG_WARN_INFINITE_RECURSION = YES;
				CLANG_WARN_INT_CONVERSION = YES;
				CLANG_WARN_OBJC_ROOT_CLASS = YES_ERROR;
				CLANG_WARN_SUSPICIOUS_MOVE = YES;
				CLANG_WARN_UNREACHABLE_CODE = YES;
				CLANG_WARN__DUPLICATE_METHOD_MATCH = YES;
				"CODE_SIGN_IDENTITY[sdk=iphoneos*]" = "iPhone Developer";
				COPY_PHASE_STRIP = NO;
				DEBUG_INFORMATION_FORMAT = dwarf;
				ENABLE_STRICT_OBJC_MSGSEND = YES;
				ENABLE_TESTABILITY = YES;
				GCC_C_LANGUAGE_STANDARD = gnu99;
				GCC_DYNAMIC_NO_PIC = NO;
				GCC_NO_COMMON_BLOCKS = YES;
				GCC_OPTIMIZATION_LEVEL = 0;
				GCC_PREPROCESSOR_DEFINITIONS = (
					"DEBUG=1",
					"$(inherited)",
				);
				GCC_WARN_64_TO_32_BIT_CONVERSION = YES;
				GCC_WARN_ABOUT_RETURN_TYPE = YES_ERROR;
				GCC_WARN_UNDECLARED_SELECTOR = YES;
				GCC_WARN_UNINITIALIZED_AUTOS = YES_AGGRESSIVE;
				GCC_WARN_UNUSED_FUNCTION = YES;
				GCC_WARN_UNUSED_VARIABLE = YES;
				IPHONEOS_DEPLOYMENT_TARGET = 10.2;
				MTL_ENABLE_DEBUG_INFO = YES;
				ONLY_ACTIVE_ARCH = YES;
				SDKROOT = iphoneos;
				SWIFT_ACTIVE_COMPILATION_CONDITIONS = DEBUG;
				SWIFT_OPTIMIZATION_LEVEL = "-Onone";
				TARGETED_DEVICE_FAMILY = "1,2";
			};
			name = Debug;
		};
		5A40C1231E8CFD1D00776710 /* Release */ = {
			isa = XCBuildConfiguration;
			buildSettings = {
				ALWAYS_SEARCH_USER_PATHS = NO;
				CLANG_ANALYZER_NONNULL = YES;
				CLANG_CXX_LANGUAGE_STANDARD = "gnu++0x";
				CLANG_CXX_LIBRARY = "libc++";
				CLANG_ENABLE_MODULES = YES;
				CLANG_ENABLE_OBJC_ARC = YES;
				CLANG_WARN_BOOL_CONVERSION = YES;
				CLANG_WARN_CONSTANT_CONVERSION = YES;
				CLANG_WARN_DIRECT_OBJC_ISA_USAGE = YES_ERROR;
				CLANG_WARN_DOCUMENTATION_COMMENTS = YES;
				CLANG_WARN_EMPTY_BODY = YES;
				CLANG_WARN_ENUM_CONVERSION = YES;
				CLANG_WARN_INFINITE_RECURSION = YES;
				CLANG_WARN_INT_CONVERSION = YES;
				CLANG_WARN_OBJC_ROOT_CLASS = YES_ERROR;
				CLANG_WARN_SUSPICIOUS_MOVE = YES;
				CLANG_WARN_UNREACHABLE_CODE = YES;
				CLANG_WARN__DUPLICATE_METHOD_MATCH = YES;
				"CODE_SIGN_IDENTITY[sdk=iphoneos*]" = "iPhone Developer";
				COPY_PHASE_STRIP = NO;
				DEBUG_INFORMATION_FORMAT = "dwarf-with-dsym";
				ENABLE_NS_ASSERTIONS = NO;
				ENABLE_STRICT_OBJC_MSGSEND = YES;
				GCC_C_LANGUAGE_STANDARD = gnu99;
				GCC_NO_COMMON_BLOCKS = YES;
				GCC_WARN_64_TO_32_BIT_CONVERSION = YES;
				GCC_WARN_ABOUT_RETURN_TYPE = YES_ERROR;
				GCC_WARN_UNDECLARED_SELECTOR = YES;
				GCC_WARN_UNINITIALIZED_AUTOS = YES_AGGRESSIVE;
				GCC_WARN_UNUSED_FUNCTION = YES;
				GCC_WARN_UNUSED_VARIABLE = YES;
				IPHONEOS_DEPLOYMENT_TARGET = 10.2;
				MTL_ENABLE_DEBUG_INFO = NO;
				SDKROOT = iphoneos;
				SWIFT_OPTIMIZATION_LEVEL = "-Owholemodule";
				TARGETED_DEVICE_FAMILY = "1,2";
				VALIDATE_PRODUCT = YES;
			};
			name = Release;
		};
		5A40C1251E8CFD1D00776710 /* Debug */ = {
			isa = XCBuildConfiguration;
			baseConfigurationReference = E05299DACC1250563D2D2757 /* Pods-TryAnimation.debug.xcconfig */;
			buildSettings = {
				ASSETCATALOG_COMPILER_APPICON_NAME = AppIcon;
				DEVELOPMENT_TEAM = GGJY5669M6;
				INFOPLIST_FILE = TryAnimation/Info.plist;
				LD_RUNPATH_SEARCH_PATHS = "$(inherited) @executable_path/Frameworks";
				PRODUCT_BUNDLE_IDENTIFIER = liu.TryAnimation;
				PRODUCT_NAME = "$(TARGET_NAME)";
				SWIFT_VERSION = 3.0;
			};
			name = Debug;
		};
		5A40C1261E8CFD1D00776710 /* Release */ = {
			isa = XCBuildConfiguration;
			baseConfigurationReference = 02BA795AB959F6921974857A /* Pods-TryAnimation.release.xcconfig */;
			buildSettings = {
				ASSETCATALOG_COMPILER_APPICON_NAME = AppIcon;
				DEVELOPMENT_TEAM = GGJY5669M6;
				INFOPLIST_FILE = TryAnimation/Info.plist;
				LD_RUNPATH_SEARCH_PATHS = "$(inherited) @executable_path/Frameworks";
				PRODUCT_BUNDLE_IDENTIFIER = liu.TryAnimation;
				PRODUCT_NAME = "$(TARGET_NAME)";
				SWIFT_VERSION = 3.0;
			};
			name = Release;
		};
		5A40C1281E8CFD1D00776710 /* Debug */ = {
			isa = XCBuildConfiguration;
			baseConfigurationReference = 1A54EAFE31121216963598B2 /* Pods-TryAnimationTests.debug.xcconfig */;
			buildSettings = {
				ALWAYS_EMBED_SWIFT_STANDARD_LIBRARIES = YES;
				BUNDLE_LOADER = "$(TEST_HOST)";
				DEVELOPMENT_TEAM = ZK3NJ8793V;
				INFOPLIST_FILE = TryAnimationTests/Info.plist;
				LD_RUNPATH_SEARCH_PATHS = "$(inherited) @executable_path/Frameworks @loader_path/Frameworks";
				PRODUCT_BUNDLE_IDENTIFIER = liu.TryAnimationTests;
				PRODUCT_NAME = "$(TARGET_NAME)";
				SWIFT_VERSION = 3.0;
				TEST_HOST = "$(BUILT_PRODUCTS_DIR)/TryAnimation.app/TryAnimation";
			};
			name = Debug;
		};
		5A40C1291E8CFD1D00776710 /* Release */ = {
			isa = XCBuildConfiguration;
			baseConfigurationReference = 1FF85A6566FB8CC33DACFD94 /* Pods-TryAnimationTests.release.xcconfig */;
			buildSettings = {
				ALWAYS_EMBED_SWIFT_STANDARD_LIBRARIES = YES;
				BUNDLE_LOADER = "$(TEST_HOST)";
				DEVELOPMENT_TEAM = ZK3NJ8793V;
				INFOPLIST_FILE = TryAnimationTests/Info.plist;
				LD_RUNPATH_SEARCH_PATHS = "$(inherited) @executable_path/Frameworks @loader_path/Frameworks";
				PRODUCT_BUNDLE_IDENTIFIER = liu.TryAnimationTests;
				PRODUCT_NAME = "$(TARGET_NAME)";
				SWIFT_VERSION = 3.0;
				TEST_HOST = "$(BUILT_PRODUCTS_DIR)/TryAnimation.app/TryAnimation";
			};
			name = Release;
		};
		5A40C12B1E8CFD1D00776710 /* Debug */ = {
			isa = XCBuildConfiguration;
			baseConfigurationReference = B3F32261AD81398421C0FE73 /* Pods-TryAnimationUITests.debug.xcconfig */;
			buildSettings = {
				ALWAYS_EMBED_SWIFT_STANDARD_LIBRARIES = YES;
				DEVELOPMENT_TEAM = ZK3NJ8793V;
				INFOPLIST_FILE = TryAnimationUITests/Info.plist;
				LD_RUNPATH_SEARCH_PATHS = "$(inherited) @executable_path/Frameworks @loader_path/Frameworks";
				PRODUCT_BUNDLE_IDENTIFIER = liu.TryAnimationUITests;
				PRODUCT_NAME = "$(TARGET_NAME)";
				SWIFT_VERSION = 3.0;
				TEST_TARGET_NAME = TryAnimation;
			};
			name = Debug;
		};
		5A40C12C1E8CFD1D00776710 /* Release */ = {
			isa = XCBuildConfiguration;
			baseConfigurationReference = C842BDC47CE5717C9AC3E342 /* Pods-TryAnimationUITests.release.xcconfig */;
			buildSettings = {
				ALWAYS_EMBED_SWIFT_STANDARD_LIBRARIES = YES;
				DEVELOPMENT_TEAM = ZK3NJ8793V;
				INFOPLIST_FILE = TryAnimationUITests/Info.plist;
				LD_RUNPATH_SEARCH_PATHS = "$(inherited) @executable_path/Frameworks @loader_path/Frameworks";
				PRODUCT_BUNDLE_IDENTIFIER = liu.TryAnimationUITests;
				PRODUCT_NAME = "$(TARGET_NAME)";
				SWIFT_VERSION = 3.0;
				TEST_TARGET_NAME = TryAnimation;
			};
			name = Release;
		};
/* End XCBuildConfiguration section */

/* Begin XCConfigurationList section */
		5A40C0F71E8CFD1D00776710 /* Build configuration list for PBXProject "TryAnimation" */ = {
			isa = XCConfigurationList;
			buildConfigurations = (
				5A40C1221E8CFD1D00776710 /* Debug */,
				5A40C1231E8CFD1D00776710 /* Release */,
			);
			defaultConfigurationIsVisible = 0;
			defaultConfigurationName = Release;
		};
		5A40C1241E8CFD1D00776710 /* Build configuration list for PBXNativeTarget "TryAnimation" */ = {
			isa = XCConfigurationList;
			buildConfigurations = (
				5A40C1251E8CFD1D00776710 /* Debug */,
				5A40C1261E8CFD1D00776710 /* Release */,
			);
			defaultConfigurationIsVisible = 0;
			defaultConfigurationName = Release;
		};
		5A40C1271E8CFD1D00776710 /* Build configuration list for PBXNativeTarget "TryAnimationTests" */ = {
			isa = XCConfigurationList;
			buildConfigurations = (
				5A40C1281E8CFD1D00776710 /* Debug */,
				5A40C1291E8CFD1D00776710 /* Release */,
			);
			defaultConfigurationIsVisible = 0;
			defaultConfigurationName = Release;
		};
		5A40C12A1E8CFD1D00776710 /* Build configuration list for PBXNativeTarget "TryAnimationUITests" */ = {
			isa = XCConfigurationList;
			buildConfigurations = (
				5A40C12B1E8CFD1D00776710 /* Debug */,
				5A40C12C1E8CFD1D00776710 /* Release */,
			);
			defaultConfigurationIsVisible = 0;
			defaultConfigurationName = Release;
		};
/* End XCConfigurationList section */
	};
	rootObject = 5A40C0F41E8CFD1D00776710 /* Project object */;
}
